Microsoft Visual Studio Solution File, Format Version 11.00
# Visual Studio 2008

Project("{8F60C990-0E3F-8AC4-2210-4C5414E4EC8F}") = "Tron", "Assembly-CSharp-firstpass.csproj", "{9EF5A82D-9EED-F5BA-4160-9BD367C12D0B}"
EndProject
Project("{8F60C990-0E3F-8AC4-2210-4C5414E4EC8F}") = "Tron", "Assembly-CSharp.csproj", "{315FF385-5743-F2A9-CE0A-AF5489BDD67A}"
EndProject
Project("{8F60C990-0E3F-8AC4-2210-4C5414E4EC8F}") = "Tron", "Assembly-CSharp-Editor.csproj", "{8EB4148C-9D27-4825-F24A-714CAD8E9047}"
EndProject
Global
	GlobalSection(SolutionConfigurationPlatforms) = preSolution
		Debug|Any CPU = Debug|Any CPU
		Release|Any CPU = Release|Any CPU
	EndGlobalSection
	GlobalSection(ProjectConfigurationPlatforms) = postSolution
		{9EF5A82D-9EED-F5BA-4160-9BD367C12D0B}.Debug|Any CPU.ActiveCfg = Debug|Any CPU
		{9EF5A82D-9EED-F5BA-4160-9BD367C12D0B}.Debug|Any CPU.Build.0 = Debug|Any CPU
		{9EF5A82D-9EED-F5BA-4160-9BD367C12D0B}.Release|Any CPU.ActiveCfg = Release|Any CPU
		{9EF5A82D-9EED-F5BA-4160-9BD367C12D0B}.Release|Any CPU.Build.0 = Release|Any CPU
		{315FF385-5743-F2A9-CE0A-AF5489BDD67A}.Debug|Any CPU.ActiveCfg = Debug|Any CPU
		{315FF385-5743-F2A9-CE0A-AF5489BDD67A}.Debug|Any CPU.Build.0 = Debug|Any CPU
		{315FF385-5743-F2A9-CE0A-AF5489BDD67A}.Release|Any CPU.ActiveCfg = Release|Any CPU
		{315FF385-5743-F2A9-CE0A-AF5489BDD67A}.Release|Any CPU.Build.0 = Release|Any CPU
		{8EB4148C-9D27-4825-F24A-714CAD8E9047}.Debug|Any CPU.ActiveCfg = Debug|Any CPU
		{8EB4148C-9D27-4825-F24A-714CAD8E9047}.Debug|Any CPU.Build.0 = Debug|Any CPU
		{8EB4148C-9D27-4825-F24A-714CAD8E9047}.Release|Any CPU.ActiveCfg = Release|Any CPU
		{8EB4148C-9D27-4825-F24A-714CAD8E9047}.Release|Any CPU.Build.0 = Release|Any CPU
	EndGlobalSection
	GlobalSection(SolutionProperties) = preSolution
		HideSolutionNode = FALSE
	EndGlobalSection
																														GlobalSection(MonoDevelopProperties) = preSolution
		StartupItem = Assembly-CSharp.csproj
		Policies = $0
		$0.TextStylePolicy = $1
		$1.inheritsSet = null
		$1.scope = text/x-csharp
		$0.CSharpFormattingPolicy = $2
		$2.inheritsSet = Mono
		$2.inheritsScope = text/x-csharp
		$2.scope = text/x-csharp
		$0.TextStylePolicy = $3
		$3.FileWidth = 120
		$3.TabWidth = 4
		$3.IndentWidth = 4
		$3.EolMarker = Unix
		$3.inheritsSet = Mono
		$3.inheritsScope = text/plain
		$3.scope = text/plain
	EndGlobalSection

EndGlobal
